
Microsoft Visual Studio Solution File, Format Version 12.00
# Visual Studio 15
VisualStudioVersion = 15.0.28307.102
MinimumVisualStudioVersion = 10.0.40219.1
Project("{FAE04EC0-301F-11D3-BF4B-00C04F79EFBC}") = "Wei.OA.Model", "Wei.OA.Model\Wei.OA.Model.csproj", "{F0761532-317D-4003-8CD5-8E0FA4B998AF}"
EndProject
Project("{FAE04EC0-301F-11D3-BF4B-00C04F79EFBC}") = "Wei.OA.EFDAL", "Wei.OA.EFDAL\Wei.OA.EFDAL.csproj", "{3B8D5BDF-627B-47DE-B6F0-F10B00B85A54}"
EndProject
Project("{FAE04EC0-301F-11D3-BF4B-00C04F79EFBC}") = "Wei.OA.BLL", "Wei.OA.BLL\Wei.OA.BLL.csproj", "{C968126E-2D15-4646-9C00-EF44364C73CE}"
EndProject
Project("{FAE04EC0-301F-11D3-BF4B-00C04F79EFBC}") = "Wei.OA.Common", "Wei.OA.Common\Wei.OA.Common.csproj", "{2FAC7C7E-9DDD-4346-B68D-800C614DFA63}"
EndProject
Project("{FAE04EC0-301F-11D3-BF4B-00C04F79EFBC}") = "Wei.OA.UI.Portal", "Wei.OA.UI.Portal\Wei.OA.UI.Portal.csproj", "{53016D3E-CD44-4121-8C3D-EFDBE7A75405}"
EndProject
Project("{FAE04EC0-301F-11D3-BF4B-00C04F79EFBC}") = "Wei.OA.UnitTest", "Wei.OA.UnitTest\Wei.OA.UnitTest.csproj", "{6EF7FCFE-3BAC-409F-9398-2826BAC90324}"
EndProject
Project("{FAE04EC0-301F-11D3-BF4B-00C04F79EFBC}") = "Wei.OA.IDAL", "Wei.OA.IDAL\Wei.OA.IDAL.csproj", "{8B6019DA-93BA-45CB-A032-6388875CE424}"
EndProject
Project("{FAE04EC0-301F-11D3-BF4B-00C04F79EFBC}") = "Wei.OA.DALFactory", "Wei.OA.DALFactory\Wei.OA.DALFactory.csproj", "{FFD0DC16-E4EA-421E-9208-7A910379C24C}"
EndProject
Project("{FAE04EC0-301F-11D3-BF4B-00C04F79EFBC}") = "Wei.OA.IBLL", "Wei.OA.IBLL\Wei.OA.IBLL.csproj", "{C5E102F3-ED36-44C8-BAB0-A248C72BA1A5}"
EndProject
Project("{2150E333-8FDC-42A3-9474-1A3956D46DE8}") = "DAL", "DAL", "{8DC674A0-BC8E-40B9-924E-4542DE97A820}"
EndProject
Project("{2150E333-8FDC-42A3-9474-1A3956D46DE8}") = "BLL", "BLL", "{DF2DFF08-6983-4C95-875D-0A6ACC436493}"
EndProject
Project("{2150E333-8FDC-42A3-9474-1A3956D46DE8}") = "Model", "Model", "{F33EF7DB-A446-4618-982C-FC2502AE0C0F}"
EndProject
Project("{2150E333-8FDC-42A3-9474-1A3956D46DE8}") = "Common", "Common", "{B14C7B43-1C98-4AEB-A9EC-577185561625}"
EndProject
Project("{2150E333-8FDC-42A3-9474-1A3956D46DE8}") = "UI", "UI", "{77C31197-5A6E-49BF-B502-26DF0B01C4DB}"
EndProject
Project("{2150E333-8FDC-42A3-9474-1A3956D46DE8}") = "UnitTest", "UnitTest", "{74B3201E-C3C7-4C57-A745-EF8016E76E13}"
EndProject
Project("{2150E333-8FDC-42A3-9474-1A3956D46DE8}") = "Demos", "Demos", "{FA40B0CE-58EE-45F5-9C2B-9250183528D5}"
EndProject
Project("{FAE04EC0-301F-11D3-BF4B-00C04F79EFBC}") = "SpringNetDemo", "SpringNetDemo\SpringNetDemo.csproj", "{4B72CCFF-D371-4272-B6AD-AD244E0CCEE5}"
EndProject
Project("{FAE04EC0-301F-11D3-BF4B-00C04F79EFBC}") = "T4Demos", "T4Demos\T4Demos.csproj", "{EE1EBA8D-3C61-4312-A5BD-C23403B514FE}"
EndProject
Project("{FAE04EC0-301F-11D3-BF4B-00C04F79EFBC}") = "Log4NetDemo", "Log4NetDemo\Log4NetDemo.csproj", "{13D8F0BE-25AD-477B-B3B9-6A37CBD257D2}"
EndProject
Project("{FAE04EC0-301F-11D3-BF4B-00C04F79EFBC}") = "MemcacheDemo", "MemcacheDemo\MemcacheDemo.csproj", "{B0A4A7C3-CB1C-44F0-8E42-C4B28D3CF75C}"
EndProject
Project("{FAE04EC0-301F-11D3-BF4B-00C04F79EFBC}") = "WorkflowDemo", "WorkflowDemo\WorkflowDemo.csproj", "{E3D512B3-965C-4CBD-A802-F8E3EA7DF796}"
EndProject
Project("{FAE04EC0-301F-11D3-BF4B-00C04F79EFBC}") = "WFWindowsForms", "WFWindowsForms\WFWindowsForms.csproj", "{8A6287B8-7C6F-4D10-A18D-5996C8006AAB}"
EndProject
Global
	GlobalSection(SolutionConfigurationPlatforms) = preSolution
		Debug|Any CPU = Debug|Any CPU
		Debug|x86 = Debug|x86
		Release|Any CPU = Release|Any CPU
		Release|x86 = Release|x86
	EndGlobalSection
	GlobalSection(ProjectConfigurationPlatforms) = postSolution
		{F0761532-317D-4003-8CD5-8E0FA4B998AF}.Debug|Any CPU.ActiveCfg = Debug|Any CPU
		{F0761532-317D-4003-8CD5-8E0FA4B998AF}.Debug|Any CPU.Build.0 = Debug|Any CPU
		{F0761532-317D-4003-8CD5-8E0FA4B998AF}.Debug|x86.ActiveCfg = Debug|Any CPU
		{F0761532-317D-4003-8CD5-8E0FA4B998AF}.Debug|x86.Build.0 = Debug|Any CPU
		{F0761532-317D-4003-8CD5-8E0FA4B998AF}.Release|Any CPU.ActiveCfg = Release|Any CPU
		{F0761532-317D-4003-8CD5-8E0FA4B998AF}.Release|Any CPU.Build.0 = Release|Any CPU
		{F0761532-317D-4003-8CD5-8E0FA4B998AF}.Release|x86.ActiveCfg = Release|Any CPU
		{F0761532-317D-4003-8CD5-8E0FA4B998AF}.Release|x86.Build.0 = Release|Any CPU
		{3B8D5BDF-627B-47DE-B6F0-F10B00B85A54}.Debug|Any CPU.ActiveCfg = Debug|Any CPU
		{3B8D5BDF-627B-47DE-B6F0-F10B00B85A54}.Debug|Any CPU.Build.0 = Debug|Any CPU
		{3B8D5BDF-627B-47DE-B6F0-F10B00B85A54}.Debug|x86.ActiveCfg = Debug|Any CPU
		{3B8D5BDF-627B-47DE-B6F0-F10B00B85A54}.Debug|x86.Build.0 = Debug|Any CPU
		{3B8D5BDF-627B-47DE-B6F0-F10B00B85A54}.Release|Any CPU.ActiveCfg = Release|Any CPU
		{3B8D5BDF-627B-47DE-B6F0-F10B00B85A54}.Release|Any CPU.Build.0 = Release|Any CPU
		{3B8D5BDF-627B-47DE-B6F0-F10B00B85A54}.Release|x86.ActiveCfg = Release|Any CPU
		{3B8D5BDF-627B-47DE-B6F0-F10B00B85A54}.Release|x86.Build.0 = Release|Any CPU
		{C968126E-2D15-4646-9C00-EF44364C73CE}.Debug|Any CPU.ActiveCfg = Debug|Any CPU
		{C968126E-2D15-4646-9C00-EF44364C73CE}.Debug|Any CPU.Build.0 = Debug|Any CPU
		{C968126E-2D15-4646-9C00-EF44364C73CE}.Debug|x86.ActiveCfg = Debug|Any CPU
		{C968126E-2D15-4646-9C00-EF44364C73CE}.Debug|x86.Build.0 = Debug|Any CPU
		{C968126E-2D15-4646-9C00-EF44364C73CE}.Release|Any CPU.ActiveCfg = Release|Any CPU
		{C968126E-2D15-4646-9C00-EF44364C73CE}.Release|Any CPU.Build.0 = Release|Any CPU
		{C968126E-2D15-4646-9C00-EF44364C73CE}.Release|x86.ActiveCfg = Release|Any CPU
		{C968126E-2D15-4646-9C00-EF44364C73CE}.Release|x86.Build.0 = Release|Any CPU
		{2FAC7C7E-9DDD-4346-B68D-800C614DFA63}.Debug|Any CPU.ActiveCfg = Debug|Any CPU
		{2FAC7C7E-9DDD-4346-B68D-800C614DFA63}.Debug|Any CPU.Build.0 = Debug|Any CPU
		{2FAC7C7E-9DDD-4346-B68D-800C614DFA63}.Debug|x86.ActiveCfg = Debug|Any CPU
		{2FAC7C7E-9DDD-4346-B68D-800C614DFA63}.Debug|x86.Build.0 = Debug|Any CPU
		{2FAC7C7E-9DDD-4346-B68D-800C614DFA63}.Release|Any CPU.ActiveCfg = Release|Any CPU
		{2FAC7C7E-9DDD-4346-B68D-800C614DFA63}.Release|Any CPU.Build.0 = Release|Any CPU
		{2FAC7C7E-9DDD-4346-B68D-800C614DFA63}.Release|x86.ActiveCfg = Release|Any CPU
		{2FAC7C7E-9DDD-4346-B68D-800C614DFA63}.Release|x86.Build.0 = Release|Any CPU
		{53016D3E-CD44-4121-8C3D-EFDBE7A75405}.Debug|Any CPU.ActiveCfg = Debug|Any CPU
		{53016D3E-CD44-4121-8C3D-EFDBE7A75405}.Debug|Any CPU.Build.0 = Debug|Any CPU
		{53016D3E-CD44-4121-8C3D-EFDBE7A75405}.Debug|x86.ActiveCfg = Debug|Any CPU
		{53016D3E-CD44-4121-8C3D-EFDBE7A75405}.Debug|x86.Build.0 = Debug|Any CPU
		{53016D3E-CD44-4121-8C3D-EFDBE7A75405}.Release|Any CPU.ActiveCfg = Release|Any CPU
		{53016D3E-CD44-4121-8C3D-EFDBE7A75405}.Release|Any CPU.Build.0 = Release|Any CPU
		{53016D3E-CD44-4121-8C3D-EFDBE7A75405}.Release|x86.ActiveCfg = Release|Any CPU
		{53016D3E-CD44-4121-8C3D-EFDBE7A75405}.Release|x86.Build.0 = Release|Any CPU
		{6EF7FCFE-3BAC-409F-9398-2826BAC90324}.Debug|Any CPU.ActiveCfg = Debug|Any CPU
		{6EF7FCFE-3BAC-409F-9398-2826BAC90324}.Debug|Any CPU.Build.0 = Debug|Any CPU
		{6EF7FCFE-3BAC-409F-9398-2826BAC90324}.Debug|x86.ActiveCfg = Debug|Any CPU
		{6EF7FCFE-3BAC-409F-9398-2826BAC90324}.Debug|x86.Build.0 = Debug|Any CPU
		{6EF7FCFE-3BAC-409F-9398-2826BAC90324}.Release|Any CPU.ActiveCfg = Release|Any CPU
		{6EF7FCFE-3BAC-409F-9398-2826BAC90324}.Release|Any CPU.Build.0 = Release|Any CPU
		{6EF7FCFE-3BAC-409F-9398-2826BAC90324}.Release|x86.ActiveCfg = Release|Any CPU
		{6EF7FCFE-3BAC-409F-9398-2826BAC90324}.Release|x86.Build.0 = Release|Any CPU
		{8B6019DA-93BA-45CB-A032-6388875CE424}.Debug|Any CPU.ActiveCfg = Debug|Any CPU
		{8B6019DA-93BA-45CB-A032-6388875CE424}.Debug|Any CPU.Build.0 = Debug|Any CPU
		{8B6019DA-93BA-45CB-A032-6388875CE424}.Debug|x86.ActiveCfg = Debug|Any CPU
		{8B6019DA-93BA-45CB-A032-6388875CE424}.Debug|x86.Build.0 = Debug|Any CPU
		{8B6019DA-93BA-45CB-A032-6388875CE424}.Release|Any CPU.ActiveCfg = Release|Any CPU
		{8B6019DA-93BA-45CB-A032-6388875CE424}.Release|Any CPU.Build.0 = Release|Any CPU
		{8B6019DA-93BA-45CB-A032-6388875CE424}.Release|x86.ActiveCfg = Release|Any CPU
		{8B6019DA-93BA-45CB-A032-6388875CE424}.Release|x86.Build.0 = Release|Any CPU
		{FFD0DC16-E4EA-421E-9208-7A910379C24C}.Debug|Any CPU.ActiveCfg = Debug|Any CPU
		{FFD0DC16-E4EA-421E-9208-7A910379C24C}.Debug|Any CPU.Build.0 = Debug|Any CPU
		{FFD0DC16-E4EA-421E-9208-7A910379C24C}.Debug|x86.ActiveCfg = Debug|Any CPU
		{FFD0DC16-E4EA-421E-9208-7A910379C24C}.Debug|x86.Build.0 = Debug|Any CPU
		{FFD0DC16-E4EA-421E-9208-7A910379C24C}.Release|Any CPU.ActiveCfg = Release|Any CPU
		{FFD0DC16-E4EA-421E-9208-7A910379C24C}.Release|Any CPU.Build.0 = Release|Any CPU
		{FFD0DC16-E4EA-421E-9208-7A910379C24C}.Release|x86.ActiveCfg = Release|Any CPU
		{FFD0DC16-E4EA-421E-9208-7A910379C24C}.Release|x86.Build.0 = Release|Any CPU
		{C5E102F3-ED36-44C8-BAB0-A248C72BA1A5}.Debug|Any CPU.ActiveCfg = Debug|Any CPU
		{C5E102F3-ED36-44C8-BAB0-A248C72BA1A5}.Debug|Any CPU.Build.0 = Debug|Any CPU
		{C5E102F3-ED36-44C8-BAB0-A248C72BA1A5}.Debug|x86.ActiveCfg = Debug|Any CPU
		{C5E102F3-ED36-44C8-BAB0-A248C72BA1A5}.Debug|x86.Build.0 = Debug|Any CPU
		{C5E102F3-ED36-44C8-BAB0-A248C72BA1A5}.Release|Any CPU.ActiveCfg = Release|Any CPU
		{C5E102F3-ED36-44C8-BAB0-A248C72BA1A5}.Release|Any CPU.Build.0 = Release|Any CPU
		{C5E102F3-ED36-44C8-BAB0-A248C72BA1A5}.Release|x86.ActiveCfg = Release|Any CPU
		{C5E102F3-ED36-44C8-BAB0-A248C72BA1A5}.Release|x86.Build.0 = Release|Any CPU
		{4B72CCFF-D371-4272-B6AD-AD244E0CCEE5}.Debug|Any CPU.ActiveCfg = Debug|Any CPU
		{4B72CCFF-D371-4272-B6AD-AD244E0CCEE5}.Debug|Any CPU.Build.0 = Debug|Any CPU
		{4B72CCFF-D371-4272-B6AD-AD244E0CCEE5}.Debug|x86.ActiveCfg = Debug|Any CPU
		{4B72CCFF-D371-4272-B6AD-AD244E0CCEE5}.Debug|x86.Build.0 = Debug|Any CPU
		{4B72CCFF-D371-4272-B6AD-AD244E0CCEE5}.Release|Any CPU.ActiveCfg = Release|Any CPU
		{4B72CCFF-D371-4272-B6AD-AD244E0CCEE5}.Release|Any CPU.Build.0 = Release|Any CPU
		{4B72CCFF-D371-4272-B6AD-AD244E0CCEE5}.Release|x86.ActiveCfg = Release|Any CPU
		{4B72CCFF-D371-4272-B6AD-AD244E0CCEE5}.Release|x86.Build.0 = Release|Any CPU
		{EE1EBA8D-3C61-4312-A5BD-C23403B514FE}.Debug|Any CPU.ActiveCfg = Debug|Any CPU
		{EE1EBA8D-3C61-4312-A5BD-C23403B514FE}.Debug|Any CPU.Build.0 = Debug|Any CPU
		{EE1EBA8D-3C61-4312-A5BD-C23403B514FE}.Debug|x86.ActiveCfg = Debug|Any CPU
		{EE1EBA8D-3C61-4312-A5BD-C23403B514FE}.Debug|x86.Build.0 = Debug|Any CPU
		{EE1EBA8D-3C61-4312-A5BD-C23403B514FE}.Release|Any CPU.ActiveCfg = Release|Any CPU
		{EE1EBA8D-3C61-4312-A5BD-C23403B514FE}.Release|Any CPU.Build.0 = Release|Any CPU
		{EE1EBA8D-3C61-4312-A5BD-C23403B514FE}.Release|x86.ActiveCfg = Release|Any CPU
		{EE1EBA8D-3C61-4312-A5BD-C23403B514FE}.Release|x86.Build.0 = Release|Any CPU
		{13D8F0BE-25AD-477B-B3B9-6A37CBD257D2}.Debug|Any CPU.ActiveCfg = Debug|Any CPU
		{13D8F0BE-25AD-477B-B3B9-6A37CBD257D2}.Debug|Any CPU.Build.0 = Debug|Any CPU
		{13D8F0BE-25AD-477B-B3B9-6A37CBD257D2}.Debug|x86.ActiveCfg = Debug|Any CPU
		{13D8F0BE-25AD-477B-B3B9-6A37CBD257D2}.Debug|x86.Build.0 = Debug|Any CPU
		{13D8F0BE-25AD-477B-B3B9-6A37CBD257D2}.Release|Any CPU.ActiveCfg = Release|Any CPU
		{13D8F0BE-25AD-477B-B3B9-6A37CBD257D2}.Release|Any CPU.Build.0 = Release|Any CPU
		{13D8F0BE-25AD-477B-B3B9-6A37CBD257D2}.Release|x86.ActiveCfg = Release|Any CPU
		{13D8F0BE-25AD-477B-B3B9-6A37CBD257D2}.Release|x86.Build.0 = Release|Any CPU
		{B0A4A7C3-CB1C-44F0-8E42-C4B28D3CF75C}.Debug|Any CPU.ActiveCfg = Debug|Any CPU
		{B0A4A7C3-CB1C-44F0-8E42-C4B28D3CF75C}.Debug|Any CPU.Build.0 = Debug|Any CPU
		{B0A4A7C3-CB1C-44F0-8E42-C4B28D3CF75C}.Debug|x86.ActiveCfg = Debug|Any CPU
		{B0A4A7C3-CB1C-44F0-8E42-C4B28D3CF75C}.Debug|x86.Build.0 = Debug|Any CPU
		{B0A4A7C3-CB1C-44F0-8E42-C4B28D3CF75C}.Release|Any CPU.ActiveCfg = Release|Any CPU
		{B0A4A7C3-CB1C-44F0-8E42-C4B28D3CF75C}.Release|Any CPU.Build.0 = Release|Any CPU
		{B0A4A7C3-CB1C-44F0-8E42-C4B28D3CF75C}.Release|x86.ActiveCfg = Release|Any CPU
		{B0A4A7C3-CB1C-44F0-8E42-C4B28D3CF75C}.Release|x86.Build.0 = Release|Any CPU
		{E3D512B3-965C-4CBD-A802-F8E3EA7DF796}.Debug|Any CPU.ActiveCfg = Debug|x86
		{E3D512B3-965C-4CBD-A802-F8E3EA7DF796}.Debug|x86.ActiveCfg = Debug|x86
		{E3D512B3-965C-4CBD-A802-F8E3EA7DF796}.Debug|x86.Build.0 = Debug|x86
		{E3D512B3-965C-4CBD-A802-F8E3EA7DF796}.Release|Any CPU.ActiveCfg = Release|x86
		{E3D512B3-965C-4CBD-A802-F8E3EA7DF796}.Release|x86.ActiveCfg = Release|x86
		{E3D512B3-965C-4CBD-A802-F8E3EA7DF796}.Release|x86.Build.0 = Release|x86
		{8A6287B8-7C6F-4D10-A18D-5996C8006AAB}.Debug|Any CPU.ActiveCfg = Debug|Any CPU
		{8A6287B8-7C6F-4D10-A18D-5996C8006AAB}.Debug|Any CPU.Build.0 = Debug|Any CPU
		{8A6287B8-7C6F-4D10-A18D-5996C8006AAB}.Debug|x86.ActiveCfg = Debug|Any CPU
		{8A6287B8-7C6F-4D10-A18D-5996C8006AAB}.Debug|x86.Build.0 = Debug|Any CPU
		{8A6287B8-7C6F-4D10-A18D-5996C8006AAB}.Release|Any CPU.ActiveCfg = Release|Any CPU
		{8A6287B8-7C6F-4D10-A18D-5996C8006AAB}.Release|Any CPU.Build.0 = Release|Any CPU
		{8A6287B8-7C6F-4D10-A18D-5996C8006AAB}.Release|x86.ActiveCfg = Release|Any CPU
		{8A6287B8-7C6F-4D10-A18D-5996C8006AAB}.Release|x86.Build.0 = Release|Any CPU
	EndGlobalSection
	GlobalSection(SolutionProperties) = preSolution
		HideSolutionNode = FALSE
	EndGlobalSection
	GlobalSection(NestedProjects) = preSolution
		{F0761532-317D-4003-8CD5-8E0FA4B998AF} = {F33EF7DB-A446-4618-982C-FC2502AE0C0F}
		{3B8D5BDF-627B-47DE-B6F0-F10B00B85A54} = {8DC674A0-BC8E-40B9-924E-4542DE97A820}
		{C968126E-2D15-4646-9C00-EF44364C73CE} = {DF2DFF08-6983-4C95-875D-0A6ACC436493}
		{2FAC7C7E-9DDD-4346-B68D-800C614DFA63} = {B14C7B43-1C98-4AEB-A9EC-577185561625}
		{53016D3E-CD44-4121-8C3D-EFDBE7A75405} = {77C31197-5A6E-49BF-B502-26DF0B01C4DB}
		{6EF7FCFE-3BAC-409F-9398-2826BAC90324} = {74B3201E-C3C7-4C57-A745-EF8016E76E13}
		{8B6019DA-93BA-45CB-A032-6388875CE424} = {8DC674A0-BC8E-40B9-924E-4542DE97A820}
		{FFD0DC16-E4EA-421E-9208-7A910379C24C} = {8DC674A0-BC8E-40B9-924E-4542DE97A820}
		{C5E102F3-ED36-44C8-BAB0-A248C72BA1A5} = {DF2DFF08-6983-4C95-875D-0A6ACC436493}
		{4B72CCFF-D371-4272-B6AD-AD244E0CCEE5} = {FA40B0CE-58EE-45F5-9C2B-9250183528D5}
		{EE1EBA8D-3C61-4312-A5BD-C23403B514FE} = {FA40B0CE-58EE-45F5-9C2B-9250183528D5}
		{13D8F0BE-25AD-477B-B3B9-6A37CBD257D2} = {FA40B0CE-58EE-45F5-9C2B-9250183528D5}
		{B0A4A7C3-CB1C-44F0-8E42-C4B28D3CF75C} = {FA40B0CE-58EE-45F5-9C2B-9250183528D5}
		{E3D512B3-965C-4CBD-A802-F8E3EA7DF796} = {FA40B0CE-58EE-45F5-9C2B-9250183528D5}
		{8A6287B8-7C6F-4D10-A18D-5996C8006AAB} = {FA40B0CE-58EE-45F5-9C2B-9250183528D5}
	EndGlobalSection
	GlobalSection(ExtensibilityGlobals) = postSolution
		SolutionGuid = {A69243BD-8EF1-4B72-9138-24593BFF8C03}
	EndGlobalSection
EndGlobal
